{
  "pins" : [
    {
      "identity" : "swift-argument-parser",
      "kind" : "remoteSourceControl",
      "location" : "https://github.com/apple/swift-argument-parser",
      "state" : {
        "revision" : "5e0406d68a4937f21ae5f670b8f89dad1d156a1c",
        "version" : "1.8.0"
      }
    },
    {
      "identity" : "swiftterm",
      "kind" : "remoteSourceControl",
      "location" : "https://github.com/migueldeicaza/SwiftTerm",
      "state" : {
        "revision" : "7691f85b222a67a66b58499e1b2647443cf0dda7",
        "version" : "1.18.0"
      }
    }
  ],
  "version" : 2
}
